
Microsoft Visual Studio Solution File, Format Version 12.00
# Visual Studio Version 17
VisualStudioVersion = 17.11.35312.102
MinimumVisualStudioVersion = 10.0.40219.1
Project("{FAE04EC0-301F-11D3-BF4B-00C04F79EFBC}") = "Vispro", "Vispro\Vispro.csproj", "{D9A959A5-0A4F-4CC1-85B3-86C098BC5146}"
EndProject
Global
	GlobalSection(SolutionConfigurationPlatforms) = preSolution
		Debug|Any CPU = Debug|Any CPU
		Release|Any CPU = Release|Any CPU
	EndGlobalSection
	GlobalSection(ProjectConfigurationPlatforms) = postSolution
		{D9A959A5-0A4F-4CC1-85B3-86C098BC5146}.Debug|Any CPU.ActiveCfg = Debug|Any CPU
		{D9A959A5-0A4F-4CC1-85B3-86C098BC5146}.Debug|Any CPU.Build.0 = Debug|Any CPU
		{D9A959A5-0A4F-4CC1-85B3-86C098BC5146}.Release|Any CPU.ActiveCfg = Release|Any CPU
		{D9A959A5-0A4F-4CC1-85B3-86C098BC5146}.Release|Any CPU.Build.0 = Release|Any CPU
	EndGlobalSection
	GlobalSection(SolutionProperties) = preSolution
		HideSolutionNode = FALSE
	EndGlobalSection
	GlobalSection(ExtensibilityGlobals) = postSolution
		SolutionGuid = {10CB03B9-4281-4465-9FE1-92B8338EC05D}
	EndGlobalSection
EndGlobal
